dependencies:
- name: postgresql
  repository: https://kubernetes-charts.storage.googleapis.com/
  version: 0.8.5
- name: nginx-ingress
  repository: https://kubernetes-charts.storage.googleapis.com
  version: 0.8.18
digest: sha256:ee2a7ec0ed228940857082137c9fe72ff81fc4a2bdb3ca8315d258066750b714
generated: 2017-12-15T16:41:34.393214+02:00
